
Microsoft Visual Studio Solution File, Format Version 12.00
# Visual Studio Version 17
VisualStudioVersion = 17.4.33110.190
MinimumVisualStudioVersion = 10.0.40219.1
Project("{8BC9CEB8-8B4A-11D0-8D11-00A0C91BC942}") = "CudaAI2", "CudaAI2\CudaAI2.vcxproj", "{0B5CF0E2-3709-4CAD-87FE-0692CD56D9C6}"
EndProject
Global
	GlobalSection(SolutionConfigurationPlatforms) = preSolution
		Debug|x64 = Debug|x64
		Release|x64 = Release|x64
	EndGlobalSection
	GlobalSection(ProjectConfigurationPlatforms) = postSolution
		{0B5CF0E2-3709-4CAD-87FE-0692CD56D9C6}.Debug|x64.ActiveCfg = Debug|x64
		{0B5CF0E2-3709-4CAD-87FE-0692CD56D9C6}.Debug|x64.Build.0 = Debug|x64
		{0B5CF0E2-3709-4CAD-87FE-0692CD56D9C6}.Release|x64.ActiveCfg = Release|x64
		{0B5CF0E2-3709-4CAD-87FE-0692CD56D9C6}.Release|x64.Build.0 = Release|x64
	EndGlobalSection
	GlobalSection(SolutionProperties) = preSolution
		HideSolutionNode = FALSE
	EndGlobalSection
	GlobalSection(ExtensibilityGlobals) = postSolution
		SolutionGuid = {059F8263-36BA-4BCD-9548-71573CB91D7B}
	EndGlobalSection
EndGlobal
